
Microsoft Visual Studio Solution File, Format Version 12.00
# Visual Studio Version 16
VisualStudioVersion = 16.0.29613.14
MinimumVisualStudioVersion = 10.0.40219.1
Project("{8BC9CEB8-8B4A-11D0-8D11-00A0C91BC942}") = "mp3player", "mp3player.vcxproj", "{FFB9803D-980C-4D7C-AB37-1EEFD0A7662A}"
EndProject
Global
	GlobalSection(SolutionConfigurationPlatforms) = preSolution
		Debug|x64 = Debug|x64
		Debug|x86 = Debug|x86
		Release|x64 = Release|x64
		Release|x86 = Release|x86
	EndGlobalSection
	GlobalSection(ProjectConfigurationPlatforms) = postSolution
		{FFB9803D-980C-4D7C-AB37-1EEFD0A7662A}.Debug|x64.ActiveCfg = Debug|x64
		{FFB9803D-980C-4D7C-AB37-1EEFD0A7662A}.Debug|x64.Build.0 = Debug|x64
		{FFB9803D-980C-4D7C-AB37-1EEFD0A7662A}.Debug|x86.ActiveCfg = Debug|Win32
		{FFB9803D-980C-4D7C-AB37-1EEFD0A7662A}.Debug|x86.Build.0 = Debug|Win32
		{FFB9803D-980C-4D7C-AB37-1EEFD0A7662A}.Release|x64.ActiveCfg = Release|x64
		{FFB9803D-980C-4D7C-AB37-1EEFD0A7662A}.Release|x64.Build.0 = Release|x64
		{FFB9803D-980C-4D7C-AB37-1EEFD0A7662A}.Release|x86.ActiveCfg = Release|Win32
		{FFB9803D-980C-4D7C-AB37-1EEFD0A7662A}.Release|x86.Build.0 = Release|Win32
	EndGlobalSection
	GlobalSection(SolutionProperties) = preSolution
		HideSolutionNode = FALSE
	EndGlobalSection
	GlobalSection(ExtensibilityGlobals) = postSolution
		SolutionGuid = {9304FDD7-7858-4EA2-9277-58B67830824C}
	EndGlobalSection
EndGlobal
